
Microsoft Visual Studio Solution File, Format Version 12.00
# Visual Studio Version 16
VisualStudioVersion = 16.0.30503.244
MinimumVisualStudioVersion = 10.0.40219.1
Project("{FAE04EC0-301F-11D3-BF4B-00C04F79EFBC}") = "homeWorkWeek2Problem4 method w_European", "homeWorkWeek2Problem4 method w_\homeWorkWeek2Problem4 method w_European.csproj", "{87E7BC4B-CAEC-4614-BB54-E11F0923B2EE}"
EndProject
Global
	GlobalSection(SolutionConfigurationPlatforms) = preSolution
		Debug|Any CPU = Debug|Any CPU
		Release|Any CPU = Release|Any CPU
	EndGlobalSection
	GlobalSection(ProjectConfigurationPlatforms) = postSolution
		{87E7BC4B-CAEC-4614-BB54-E11F0923B2EE}.Debug|Any CPU.ActiveCfg = Debug|Any CPU
		{87E7BC4B-CAEC-4614-BB54-E11F0923B2EE}.Debug|Any CPU.Build.0 = Debug|Any CPU
		{87E7BC4B-CAEC-4614-BB54-E11F0923B2EE}.Release|Any CPU.ActiveCfg = Release|Any CPU
		{87E7BC4B-CAEC-4614-BB54-E11F0923B2EE}.Release|Any CPU.Build.0 = Release|Any CPU
	EndGlobalSection
	GlobalSection(SolutionProperties) = preSolution
		HideSolutionNode = FALSE
	EndGlobalSection
	GlobalSection(ExtensibilityGlobals) = postSolution
		SolutionGuid = {2BB91923-3D29-4D0A-8325-2BF0A40CF5B8}
	EndGlobalSection
EndGlobal
